
Microsoft Visual Studio Solution File, Format Version 12.00
# Visual Studio Version 16
VisualStudioVersion = 16.0.28803.156
MinimumVisualStudioVersion = 10.0.40219.1
Project("{FAE04EC0-301F-11D3-BF4B-00C04F79EFBC}") = "RESTApi", "RESTApi\RESTApi.csproj", "{190423E5-2A2F-4727-B007-E4BBA9B6305F}"
EndProject
Global
	GlobalSection(SolutionConfigurationPlatforms) = preSolution
		Debug|Any CPU = Debug|Any CPU
		Release|Any CPU = Release|Any CPU
	EndGlobalSection
	GlobalSection(ProjectConfigurationPlatforms) = postSolution
		{190423E5-2A2F-4727-B007-E4BBA9B6305F}.Debug|Any CPU.ActiveCfg = Debug|Any CPU
		{190423E5-2A2F-4727-B007-E4BBA9B6305F}.Debug|Any CPU.Build.0 = Debug|Any CPU
		{190423E5-2A2F-4727-B007-E4BBA9B6305F}.Release|Any CPU.ActiveCfg = Release|Any CPU
		{190423E5-2A2F-4727-B007-E4BBA9B6305F}.Release|Any CPU.Build.0 = Release|Any CPU
	EndGlobalSection
	GlobalSection(SolutionProperties) = preSolution
		HideSolutionNode = FALSE
	EndGlobalSection
	GlobalSection(ExtensibilityGlobals) = postSolution
		SolutionGuid = {E6DBA1FE-79B0-4017-AA88-C7F5D3180FE3}
	EndGlobalSection
EndGlobal
